lockfileVersion: 5.4

specifiers:
  '@mantine/core': ^5.10.5
  '@mantine/hooks': ^5.10.5
  '@tanstack/react-query': ^4.24.10
  '@tanstack/react-query-devtools': ^4.24.10
  '@tanstack/react-router': 0.0.1-beta.83
  '@tanstack/react-router-devtools': 0.0.1-beta.83
  '@types/react': ^18.0.27
  '@types/react-dom': ^18.0.10
  '@vitejs/plugin-react-swc': ^3.0.0
  pocketbase: ^0.11.1
  react: ^18.2.0
  react-dom: ^18.2.0
  typescript: ^4.9.3
  vite: ^4.1.0

dependencies:
  '@mantine/core': 5.10.5_kq66wbmbdvcc4vniu3arxx66vm
  '@mantine/hooks': 5.10.5_react@18.2.0
  '@tanstack/react-query': 4.24.10_biqbaboplfbrettd7655fr4n2y
  '@tanstack/react-query-devtools': 4.24.10_636dldj5wfr5vkyyqzs5k363kq
  '@tanstack/react-router': 0.0.1-beta.83_biqbaboplfbrettd7655fr4n2y
  '@tanstack/react-router-devtools': 0.0.1-beta.83_biqbaboplfbrettd7655fr4n2y
  pocketbase: 0.11.1
  react: 18.2.0
  react-dom: 18.2.0_react@18.2.0

devDependencies:
  '@types/react': 18.0.28
  '@types/react-dom': 18.0.11
  '@vitejs/plugin-react-swc': 3.2.0_vite@4.1.4
  typescript: 4.9.5
  vite: 4.1.4

packages:

  /@babel/runtime/7.21.0:
    resolution: {integrity: sha512-xwII0//EObnq89Ji5AKYQaRYiW/nZ3llSv29d49IuxPhKbtJoLP+9QUUZ4nVragQVtaVGeZrpB+ZtG/Pdy/POw==}
    engines: {node: '>=6.9.0'}
    dependencies:
      regenerator-runtime: 0.13.11
    dev: false

  /@esbuild/android-arm/0.16.17:
    resolution: {integrity: sha512-N9x1CMXVhtWEAMS7pNNONyA14f71VPQN9Cnavj1XQh6T7bskqiLLrSca4O0Vr8Wdcga943eThxnVp3JLnBMYtw==}
    engines: {node: '>=12'}
    cpu: [arm]
    os: [android]
    requiresBuild: true
    dev: true
    optional: true

  /@esbuild/android-arm64/0.16.17:
    resolution: {integrity: sha512-MIGl6p5sc3RDTLLkYL1MyL8BMRN4tLMRCn+yRJJmEDvYZ2M7tmAf80hx1kbNEUX2KJ50RRtxZ4JHLvCfuB6kBg==}
    engines: {node: '>=12'}
    cpu: [arm64]
    os: [android]
    requiresBuild: true
    dev: true
    optional: true

  /@esbuild/android-x64/0.16.17:
    resolution: {integrity: sha512-a3kTv3m0Ghh4z1DaFEuEDfz3OLONKuFvI4Xqczqx4BqLyuFaFkuaG4j2MtA6fuWEFeC5x9IvqnX7drmRq/fyAQ==}
    engines: {node: '>=12'}
    cpu: [x64]
    os: [android]
    requiresBuild: true
    dev: true
    optional: true

  /@esbuild/darwin-arm64/0.16.17:
    resolution: {integrity: sha512-/2agbUEfmxWHi9ARTX6OQ/KgXnOWfsNlTeLcoV7HSuSTv63E4DqtAc+2XqGw1KHxKMHGZgbVCZge7HXWX9Vn+w==}
    engines: {node: '>=12'}
    cpu: [arm64]
    os: [darwin]
    requiresBuild: true
    dev: true
    optional: true

  /@esbuild/darwin-x64/0.16.17:
    resolution: {integrity: sha512-2By45OBHulkd9Svy5IOCZt376Aa2oOkiE9QWUK9fe6Tb+WDr8hXL3dpqi+DeLiMed8tVXspzsTAvd0jUl96wmg==}
    engines: {node: '>=12'}
    cpu: [x64]
    os: [darwin]
    requiresBuild: true
    dev: true
    optional: true

  /@esbuild/freebsd-arm64/0.16.17:
    resolution: {integrity: sha512-mt+cxZe1tVx489VTb4mBAOo2aKSnJ33L9fr25JXpqQqzbUIw/yzIzi+NHwAXK2qYV1lEFp4OoVeThGjUbmWmdw==}
    engines: {node: '>=12'}
    cpu: [arm64]
    os: [freebsd]
    requiresBuild: true
    dev: true
    optional: true

  /@esbuild/freebsd-x64/0.16.17:
    resolution: {integrity: sha512-8ScTdNJl5idAKjH8zGAsN7RuWcyHG3BAvMNpKOBaqqR7EbUhhVHOqXRdL7oZvz8WNHL2pr5+eIT5c65kA6NHug==}
    engines: {node: '>=12'}
    cpu: [x64]
    os: [freebsd]
    requiresBuild: true
    dev: true
    optional: true

  /@esbuild/linux-arm/0.16.17:
    resolution: {integrity: sha512-iihzrWbD4gIT7j3caMzKb/RsFFHCwqqbrbH9SqUSRrdXkXaygSZCZg1FybsZz57Ju7N/SHEgPyaR0LZ8Zbe9gQ==}
    engines: {node: '>=12'}
    cpu: [arm]
    os: [linux]
    requiresBuild: true
    dev: true
    optional: true

  /@esbuild/linux-arm64/0.16.17:
    resolution: {integrity: sha512-7S8gJnSlqKGVJunnMCrXHU9Q8Q/tQIxk/xL8BqAP64wchPCTzuM6W3Ra8cIa1HIflAvDnNOt2jaL17vaW+1V0g==}
    engines: {node: '>=12'}
    cpu: [arm64]
    os: [linux]
    requiresBuild: true
    dev: true
    optional: true

  /@esbuild/linux-ia32/0.16.17:
    resolution: {integrity: sha512-kiX69+wcPAdgl3Lonh1VI7MBr16nktEvOfViszBSxygRQqSpzv7BffMKRPMFwzeJGPxcio0pdD3kYQGpqQ2SSg==}
    engines: {node: '>=12'}
    cpu: [ia32]
    os: [linux]
    requiresBuild: true
    dev: true
    optional: true

  /@esbuild/linux-loong64/0.16.17:
    resolution: {integrity: sha512-dTzNnQwembNDhd654cA4QhbS9uDdXC3TKqMJjgOWsC0yNCbpzfWoXdZvp0mY7HU6nzk5E0zpRGGx3qoQg8T2DQ==}
    engines: {node: '>=12'}
    cpu: [loong64]
    os: [linux]
    requiresBuild: true
    dev: true
    optional: true

  /@esbuild/linux-mips64el/0.16.17:
    resolution: {integrity: sha512-ezbDkp2nDl0PfIUn0CsQ30kxfcLTlcx4Foz2kYv8qdC6ia2oX5Q3E/8m6lq84Dj/6b0FrkgD582fJMIfHhJfSw==}
    engines: {node: '>=12'}
    cpu: [mips64el]
    os: [linux]
    requiresBuild: true
    dev: true
    optional: true

  /@esbuild/linux-ppc64/0.16.17:
    resolution: {integrity: sha512-dzS678gYD1lJsW73zrFhDApLVdM3cUF2MvAa1D8K8KtcSKdLBPP4zZSLy6LFZ0jYqQdQ29bjAHJDgz0rVbLB3g==}
    engines: {node: '>=12'}
    cpu: [ppc64]
    os: [linux]
    requiresBuild: true
    dev: true
    optional: true

  /@esbuild/linux-riscv64/0.16.17:
    resolution: {integrity: sha512-ylNlVsxuFjZK8DQtNUwiMskh6nT0vI7kYl/4fZgV1llP5d6+HIeL/vmmm3jpuoo8+NuXjQVZxmKuhDApK0/cKw==}
    engines: {node: '>=12'}
    cpu: [riscv64]
    os: [linux]
    requiresBuild: true
    dev: true
    optional: true

  /@esbuild/linux-s390x/0.16.17:
    resolution: {integrity: sha512-gzy7nUTO4UA4oZ2wAMXPNBGTzZFP7mss3aKR2hH+/4UUkCOyqmjXiKpzGrY2TlEUhbbejzXVKKGazYcQTZWA/w==}
    engines: {node: '>=12'}
    cpu: [s390x]
    os: [linux]
    requiresBuild: true
    dev: true
    optional: true

  /@esbuild/linux-x64/0.16.17:
    resolution: {integrity: sha512-mdPjPxfnmoqhgpiEArqi4egmBAMYvaObgn4poorpUaqmvzzbvqbowRllQ+ZgzGVMGKaPkqUmPDOOFQRUFDmeUw==}
    engines: {node: '>=12'}
    cpu: [x64]
    os: [linux]
    requiresBuild: true
    dev: true
    optional: true

  /@esbuild/netbsd-x64/0.16.17:
    resolution: {integrity: sha512-/PzmzD/zyAeTUsduZa32bn0ORug+Jd1EGGAUJvqfeixoEISYpGnAezN6lnJoskauoai0Jrs+XSyvDhppCPoKOA==}
    engines: {node: '>=12'}
    cpu: [x64]
    os: [netbsd]
    requiresBuild: true
    dev: true
    optional: true

  /@esbuild/openbsd-x64/0.16.17:
    resolution: {integrity: sha512-2yaWJhvxGEz2RiftSk0UObqJa/b+rIAjnODJgv2GbGGpRwAfpgzyrg1WLK8rqA24mfZa9GvpjLcBBg8JHkoodg==}
    engines: {node: '>=12'}
    cpu: [x64]
    os: [openbsd]
    requiresBuild: true
    dev: true
    optional: true

  /@esbuild/sunos-x64/0.16.17:
    resolution: {integrity: sha512-xtVUiev38tN0R3g8VhRfN7Zl42YCJvyBhRKw1RJjwE1d2emWTVToPLNEQj/5Qxc6lVFATDiy6LjVHYhIPrLxzw==}
    engines: {node: '>=12'}
    cpu: [x64]
    os: [sunos]
    requiresBuild: true
    dev: true
    optional: true

  /@esbuild/win32-arm64/0.16.17:
    resolution: {integrity: sha512-ga8+JqBDHY4b6fQAmOgtJJue36scANy4l/rL97W+0wYmijhxKetzZdKOJI7olaBaMhWt8Pac2McJdZLxXWUEQw==}
    engines: {node: '>=12'}
    cpu: [arm64]
    os: [win32]
    requiresBuild: true
    dev: true
    optional: true

  /@esbuild/win32-ia32/0.16.17:
    resolution: {integrity: sha512-WnsKaf46uSSF/sZhwnqE4L/F89AYNMiD4YtEcYekBt9Q7nj0DiId2XH2Ng2PHM54qi5oPrQ8luuzGszqi/veig==}
    engines: {node: '>=12'}
    cpu: [ia32]
    os: [win32]
    requiresBuild: true
    dev: true
    optional: true

  /@esbuild/win32-x64/0.16.17:
    resolution: {integrity: sha512-y+EHuSchhL7FjHgvQL/0fnnFmO4T1bhvWANX6gcnqTjtnKWbTvUMCpGnv2+t+31d7RzyEAYAd4u2fnIhHL6N/Q==}
    engines: {node: '>=12'}
    cpu: [x64]
    os: [win32]
    requiresBuild: true
    dev: true
    optional: true

  /@floating-ui/core/1.2.1:
    resolution: {integrity: sha512-LSqwPZkK3rYfD7GKoIeExXOyYx6Q1O4iqZWwIehDNuv3Dv425FIAE8PRwtAx1imEolFTHgBEcoFHm9MDnYgPCg==}
    dev: false

  /@floating-ui/dom/1.2.1:
    resolution: {integrity: sha512-Rt45SmRiV8eU+xXSB9t0uMYiQ/ZWGE/jumse2o3i5RGlyvcbqOF4q+1qBnzLE2kZ5JGhq0iMkcGXUKbFe7MpTA==}
    dependencies:
      '@floating-ui/core': 1.2.1
    dev: false

  /@floating-ui/react-dom/1.3.0_biqbaboplfbrettd7655fr4n2y:
    resolution: {integrity: sha512-htwHm67Ji5E/pROEAr7f8IKFShuiCKHwUC/UY4vC3I5jiSvGFAYnSYiZO5MlGmads+QqvUkR9ANHEguGrDv72g==}
    peerDependencies:
      react: '>=16.8.0'
      react-dom: '>=16.8.0'
    dependencies:
      '@floating-ui/dom': 1.2.1
      react: 18.2.0
      react-dom: 18.2.0_react@18.2.0
    dev: false

  /@floating-ui/react/0.19.2_zula6vjvt3wdocc4mwcxqa6nzi:
    resolution: {integrity: sha512-JyNk4A0Ezirq8FlXECvRtQOX/iBe5Ize0W/pLkrZjfHW9GUV7Xnq6zm6fyZuQzaHHqEnVizmvlA96e1/CkZv+w==}
    peerDependencies:
      react: '>=16.8.0'
      react-dom: '>=16.8.0'
    dependencies:
      '@floating-ui/react-dom': 1.3.0_biqbaboplfbrettd7655fr4n2y
      aria-hidden: 1.2.2_pmekkgnqduwlme35zpnqhenc34
      react: 18.2.0
      react-dom: 18.2.0_react@18.2.0
      tabbable: 6.1.1
    transitivePeerDependencies:
      - '@types/react'
    dev: false

  /@mantine/core/5.10.5_kq66wbmbdvcc4vniu3arxx66vm:
    resolution: {integrity: sha512-F4tqHSEVM9D6/iSqHfPda+Xl5XgSEPHAAkT01Zwzj4Jnbd10qGrlqr/SFUop2CIcuKYnmra9XltUahUPXBC2BQ==}
    peerDependencies:
      '@mantine/hooks': 5.10.5
      react: '>=16.8.0'
      react-dom: '>=16.8.0'
    dependencies:
      '@floating-ui/react': 0.19.2_zula6vjvt3wdocc4mwcxqa6nzi
      '@mantine/hooks': 5.10.5_react@18.2.0
      '@mantine/styles': 5.10.5_biqbaboplfbrettd7655fr4n2y
      '@mantine/utils': 5.10.5_react@18.2.0
      '@radix-ui/react-scroll-area': 1.0.2_biqbaboplfbrettd7655fr4n2y
      react: 18.2.0
      react-dom: 18.2.0_react@18.2.0
      react-textarea-autosize: 8.3.4_pmekkgnqduwlme35zpnqhenc34
    transitivePeerDependencies:
      - '@emotion/react'
      - '@types/react'
    dev: false

  /@mantine/hooks/5.10.5_react@18.2.0:
    resolution: {integrity: sha512-hFQp71QZDfivPzfIUOQZfMKLiOL/Cn2EnzacRlbUr55myteTfzYN8YMt+nzniE/6c4IRopFHEAdbKEtfyQc6kg==}
    peerDependencies:
      react: '>=16.8.0'
    dependencies:
      react: 18.2.0
    dev: false

  /@mantine/styles/5.10.5_biqbaboplfbrettd7655fr4n2y:
    resolution: {integrity: sha512-0NXk8c/XGzuTUkZc6KceF2NaTCMEu5mHR4ru0x+ttb9DGnLpHuGWduTHjSfr4hl6eAJgedD0zauO+VAhDzO9zA==}
    peerDependencies:
      '@emotion/react': '>=11.9.0'
      react: '>=16.8.0'
      react-dom: '>=16.8.0'
    dependencies:
      clsx: 1.1.1
      csstype: 3.0.9
      react: 18.2.0
      react-dom: 18.2.0_react@18.2.0
    dev: false

  /@mantine/utils/5.10.5_react@18.2.0:
    resolution: {integrity: sha512-FGMq4dGs5HhDAtI0z46uzxzKKPmZ3h5uKUyKg1ZHoFR1mBtcUMbB6FylFmHqKFRWlJ5IXqX9dwmiVrLYUOfTmA==}
    peerDependencies:
      react: '>=16.8.0'
    dependencies:
      react: 18.2.0
    dev: false

  /@radix-ui/number/1.0.0:
    resolution: {integrity: sha512-Ofwh/1HX69ZfJRiRBMTy7rgjAzHmwe4kW9C9Y99HTRUcYLUuVT0KESFj15rPjRgKJs20GPq8Bm5aEDJ8DuA3vA==}
    dependencies:
      '@babel/runtime': 7.21.0
    dev: false

  /@radix-ui/primitive/1.0.0:
    resolution: {integrity: sha512-3e7rn8FDMin4CgeL7Z/49smCA3rFYY3Ha2rUQ7HRWFadS5iCRw08ZgVT1LaNTCNqgvrUiyczLflrVrF0SRQtNA==}
    dependencies:
      '@babel/runtime': 7.21.0
    dev: false

  /@radix-ui/react-compose-refs/1.0.0_react@18.2.0:
    resolution: {integrity: sha512-0KaSv6sx787/hK3eF53iOkiSLwAGlFMx5lotrqD2pTjB18KbybKoEIgkNZTKC60YECDQTKGTRcDBILwZVqVKvA==}
    peerDependencies:
      react: ^16.8 || ^17.0 || ^18.0
    dependencies:
      '@babel/runtime': 7.21.0
      react: 18.2.0
    dev: false

  /@radix-ui/react-context/1.0.0_react@18.2.0:
    resolution: {integrity: sha512-1pVM9RfOQ+n/N5PJK33kRSKsr1glNxomxONs5c49MliinBY6Yw2Q995qfBUUo0/Mbg05B/sGA0gkgPI7kmSHBg==}
    peerDependencies:
      react: ^16.8 || ^17.0 || ^18.0
    dependencies:
      '@babel/runtime': 7.21.0
      react: 18.2.0
    dev: false

  /@radix-ui/react-direction/1.0.0_react@18.2.0:
    resolution: {integrity: sha512-2HV05lGUgYcA6xgLQ4BKPDmtL+QbIZYH5fCOTAOOcJ5O0QbWS3i9lKaurLzliYUDhORI2Qr3pyjhJh44lKA3rQ==}
    peerDependencies:
      react: ^16.8 || ^17.0 || ^18.0
    dependencies:
      '@babel/runtime': 7.21.0
      react: 18.2.0
    dev: false

  /@radix-ui/react-presence/1.0.0_biqbaboplfbrettd7655fr4n2y:
    resolution: {integrity: sha512-A+6XEvN01NfVWiKu38ybawfHsBjWum42MRPnEuqPsBZ4eV7e/7K321B5VgYMPv3Xx5An6o1/l9ZuDBgmcmWK3w==}
    peerDependencies:
      react: ^16.8 || ^17.0 || ^18.0
      react-dom: ^16.8 || ^17.0 || ^18.0
    dependencies:
      '@babel/runtime': 7.21.0
      '@radix-ui/react-compose-refs': 1.0.0_react@18.2.0
      '@radix-ui/react-use-layout-effect': 1.0.0_react@18.2.0
      react: 18.2.0
      react-dom: 18.2.0_react@18.2.0
    dev: false

  /@radix-ui/react-primitive/1.0.1_biqbaboplfbrettd7655fr4n2y:
    resolution: {integrity: sha512-fHbmislWVkZaIdeF6GZxF0A/NH/3BjrGIYj+Ae6eTmTCr7EB0RQAAVEiqsXK6p3/JcRqVSBQoceZroj30Jj3XA==}
    peerDependencies:
      react: ^16.8 || ^17.0 || ^18.0
      react-dom: ^16.8 || ^17.0 || ^18.0
    dependencies:
      '@babel/runtime': 7.21.0
      '@radix-ui/react-slot': 1.0.1_react@18.2.0
      react: 18.2.0
      react-dom: 18.2.0_react@18.2.0
    dev: false

  /@radix-ui/react-scroll-area/1.0.2_biqbaboplfbrettd7655fr4n2y:
    resolution: {integrity: sha512-k8VseTxI26kcKJaX0HPwkvlNBPTs56JRdYzcZ/vzrNUkDlvXBy8sMc7WvCpYzZkHgb+hd72VW9MqkqecGtuNgg==}
    peerDependencies:
      react: ^16.8 || ^17.0 || ^18.0
      react-dom: ^16.8 || ^17.0 || ^18.0
    dependencies:
      '@babel/runtime': 7.21.0
      '@radix-ui/number': 1.0.0
      '@radix-ui/primitive': 1.0.0
      '@radix-ui/react-compose-refs': 1.0.0_react@18.2.0
      '@radix-ui/react-context': 1.0.0_react@18.2.0
      '@radix-ui/react-direction': 1.0.0_react@18.2.0
      '@radix-ui/react-presence': 1.0.0_biqbaboplfbrettd7655fr4n2y
      '@radix-ui/react-primitive': 1.0.1_biqbaboplfbrettd7655fr4n2y
      '@radix-ui/react-use-callback-ref': 1.0.0_react@18.2.0
      '@radix-ui/react-use-layout-effect': 1.0.0_react@18.2.0
      react: 18.2.0
      react-dom: 18.2.0_react@18.2.0
    dev: false

  /@radix-ui/react-slot/1.0.1_react@18.2.0:
    resolution: {integrity: sha512-avutXAFL1ehGvAXtPquu0YK5oz6ctS474iM3vNGQIkswrVhdrS52e3uoMQBzZhNRAIE0jBnUyXWNmSjGHhCFcw==}
    peerDependencies:
      react: ^16.8 || ^17.0 || ^18.0
    dependencies:
      '@babel/runtime': 7.21.0
      '@radix-ui/react-compose-refs': 1.0.0_react@18.2.0
      react: 18.2.0
    dev: false

  /@radix-ui/react-use-callback-ref/1.0.0_react@18.2.0:
    resolution: {integrity: sha512-GZtyzoHz95Rhs6S63D2t/eqvdFCm7I+yHMLVQheKM7nBD8mbZIt+ct1jz4536MDnaOGKIxynJ8eHTkVGVVkoTg==}
    peerDependencies:
      react: ^16.8 || ^17.0 || ^18.0
    dependencies:
      '@babel/runtime': 7.21.0
      react: 18.2.0
    dev: false

  /@radix-ui/react-use-layout-effect/1.0.0_react@18.2.0:
    resolution: {integrity: sha512-6Tpkq+R6LOlmQb1R5NNETLG0B4YP0wc+klfXafpUCj6JGyaUc8il7/kUZ7m59rGbXGczE9Bs+iz2qloqsZBduQ==}
    peerDependencies:
      react: ^16.8 || ^17.0 || ^18.0
    dependencies:
      '@babel/runtime': 7.21.0
      react: 18.2.0
    dev: false

  /@swc/core-darwin-arm64/1.3.36:
    resolution: {integrity: sha512-lsP+C8p9cC/Vd9uAbtxpEnM8GoJI/MMnVuXak7OlxOtDH9/oTwmAcAQTfNGNaH19d2FAIRwf+5RbXCPnxa2Zjw==}
    engines: {node: '>=10'}
    cpu: [arm64]
    os: [darwin]
    requiresBuild: true
    dev: true
    optional: true

  /@swc/core-darwin-x64/1.3.36:
    resolution: {integrity: sha512-jaLXsozWN5xachl9fPxDMi5nbWq1rRxPAt6ISeiYB6RJk0MQKH1634pOweBBem2pUDDzwDFXFw6f22LTm/cFvA==}
    engines: {node: '>=10'}
    cpu: [x64]
    os: [darwin]
    requiresBuild: true
    dev: true
    optional: true

  /@swc/core-linux-arm-gnueabihf/1.3.36:
    resolution: {integrity: sha512-vcBdTHjoEpvJDbFlgto+S6VwAHzLA9GyCiuNcTU2v4KNQlFzhbO4A4PMfMCb/Z0RLJEr16tirfHdWIxjU3h8nw==}
    engines: {node: '>=10'}
    cpu: [arm]
    os: [linux]
    requiresBuild: true
    dev: true
    optional: true

  /@swc/core-linux-arm64-gnu/1.3.36:
    resolution: {integrity: sha512-o7f5OsvwWppJo+qIZmrGO5+XC6DPt6noecSbRHjF6o1YAcR13ETPC14k1eC9H1YbQwpyCFNVAFXyNcUbCeQyrQ==}
    engines: {node: '>=10'}
    cpu: [arm64]
    os: [linux]
    requiresBuild: true
    dev: true
    optional: true

  /@swc/core-linux-arm64-musl/1.3.36:
    resolution: {integrity: sha512-FSHPngMi3c0fuGt9yY2Ubn5UcELi3EiPLJxBSC3X8TF9atI/WHZzK9PE9Gtn0C/LyRh4CoyOugDtSOPzGYmLQg==}
    engines: {node: '>=10'}
    cpu: [arm64]
    os: [linux]
    requiresBuild: true
    dev: true
    optional: true

  /@swc/core-linux-x64-gnu/1.3.36:
    resolution: {integrity: sha512-PHSsH2rek5pr3e0K09VgWAbrWK2vJhaI7MW9TPoTjyACYjcs3WwjcjQ30MghXUs2Dc/bXjWAOi9KFTjq/uCyFg==}
    engines: {node: '>=10'}
    cpu: [x64]
    os: [linux]
    requiresBuild: true
    dev: true
    optional: true

  /@swc/core-linux-x64-musl/1.3.36:
    resolution: {integrity: sha512-4LfMYQHzozHCKkIcmQy83b+4SpI+mOp6sYNbXqSRz5dYvTVjegKZXe596P1U/87cK2cgR4uYvkgkgBXquaWvwQ==}
    engines: {node: '>=10'}
    cpu: [x64]
    os: [linux]
    requiresBuild: true
    dev: true
    optional: true

  /@swc/core-win32-arm64-msvc/1.3.36:
    resolution: {integrity: sha512-7y3dDcun79TAjCyk3Iv0eOMw1X/KNQbkVyKOGqnEgq9g22F8F1FoUGKHNTzUqVdzpHeJSsHgW5PlkEkl3c/d9w==}
    engines: {node: '>=10'}
    cpu: [arm64]
    os: [win32]
    requiresBuild: true
    dev: true
    optional: true

  /@swc/core-win32-ia32-msvc/1.3.36:
    resolution: {integrity: sha512-zK0VR3B4LX5hzQ+7eD+K+FkxJlJg5Lo36BeahMzQ+/i0IURpnuyFlW88sdkFkMsc2swdU6bpvxLZeIRQ3W4OUg==}
    engines: {node: '>=10'}
    cpu: [ia32]
    os: [win32]
    requiresBuild: true
    dev: true
    optional: true

  /@swc/core-win32-x64-msvc/1.3.36:
    resolution: {integrity: sha512-2bIjr9DhAckGiXZEvj6z2z7ECPcTimG+wD0VuQTvr+wkx46uAJKl5Kq+Zk+dd15ErL7JGUtCet1T7bf1k4FwvQ==}
    engines: {node: '>=10'}
    cpu: [x64]
    os: [win32]
    requiresBuild: true
    dev: true
    optional: true

  /@swc/core/1.3.36:
    resolution: {integrity: sha512-Ogrd9uRNIj7nHjXxG66UlKBIcXESUenJ7OD6K2a8p82qlg6ne7Ne5Goiipm/heHYhSfVmjcnRWL9ZJ4gv+YCPA==}
    engines: {node: '>=10'}
    requiresBuild: true
    optionalDependencies:
      '@swc/core-darwin-arm64': 1.3.36
      '@swc/core-darwin-x64': 1.3.36
      '@swc/core-linux-arm-gnueabihf': 1.3.36
      '@swc/core-linux-arm64-gnu': 1.3.36
      '@swc/core-linux-arm64-musl': 1.3.36
      '@swc/core-linux-x64-gnu': 1.3.36
      '@swc/core-linux-x64-musl': 1.3.36
      '@swc/core-win32-arm64-msvc': 1.3.36
      '@swc/core-win32-ia32-msvc': 1.3.36
      '@swc/core-win32-x64-msvc': 1.3.36
    dev: true

  /@tanstack/match-sorter-utils/8.7.6:
    resolution: {integrity: sha512-2AMpRiA6QivHOUiBpQAVxjiHAA68Ei23ZUMNaRJrN6omWiSFLoYrxGcT6BXtuzp0Jw4h6HZCmGGIM/gbwebO2A==}
    engines: {node: '>=12'}
    dependencies:
      remove-accents: 0.4.2
    dev: false

  /@tanstack/query-core/4.24.10:
    resolution: {integrity: sha512-2QywqXEAGBIUoTdgn1lAB4/C8QEqwXHj2jrCLeYTk2xVGtLiPEUD8jcMoeB2noclbiW2mMt4+Fq7fZStuz3wAQ==}
    dev: false

  /@tanstack/react-query-devtools/4.24.10_636dldj5wfr5vkyyqzs5k363kq:
    resolution: {integrity: sha512-1uzJNLdLjRsNt4O5ldv1SYPevWvSdHtKIyVJeUv4hSERPEhrKKfa8WC3dBOX24CdLEYH2ndLZW4ZiC9nzSKCtg==}
    peerDependencies:
      '@tanstack/react-query': 4.24.10
      react: ^16.8.0 || ^17.0.0 || ^18.0.0
      react-dom: ^16.8.0 || ^17.0.0 || ^18.0.0
    dependencies:
      '@tanstack/match-sorter-utils': 8.7.6
      '@tanstack/react-query': 4.24.10_biqbaboplfbrettd7655fr4n2y
      react: 18.2.0
      react-dom: 18.2.0_react@18.2.0
      superjson: 1.12.2
      use-sync-external-store: 1.2.0_react@18.2.0
    dev: false

  /@tanstack/react-query/4.24.10_biqbaboplfbrettd7655fr4n2y:
    resolution: {integrity: sha512-FY1DixytOcNNCydPQXLxuKEV7VSST32CAuJ55BjhDNqASnMLZn+6c30yQBMrODjmWMNwzfjMZnq0Vw7C62Fwow==}
    peerDependencies:
      react: ^16.8.0 || ^17.0.0 || ^18.0.0
      react-dom: ^16.8.0 || ^17.0.0 || ^18.0.0
      react-native: '*'
    peerDependenciesMeta:
      react-dom:
        optional: true
      react-native:
        optional: true
    dependencies:
      '@tanstack/query-core': 4.24.10
      react: 18.2.0
      react-dom: 18.2.0_react@18.2.0
      use-sync-external-store: 1.2.0_react@18.2.0
    dev: false

  /@tanstack/react-router-devtools/0.0.1-beta.83_biqbaboplfbrettd7655fr4n2y:
    resolution: {integrity: sha512-OdNfoB0L4NJP/Mx3Bu4yAez9KDm3/0RAXnDB5ETmdC+UceGzf1gKTBEUYLDyKASkfxqMJObEuArAYX9YT6f+Eg==}
    engines: {node: '>=12'}
    peerDependencies:
      react: '>=16'
      react-dom: '>=16'
    dependencies:
      '@babel/runtime': 7.21.0
      '@tanstack/react-router': 0.0.1-beta.83_biqbaboplfbrettd7655fr4n2y
      date-fns: 2.29.3
      react: 18.2.0
      react-dom: 18.2.0_react@18.2.0
    dev: false

  /@tanstack/react-router/0.0.1-beta.83_biqbaboplfbrettd7655fr4n2y:
    resolution: {integrity: sha512-FcezDPKxXu7uP8tjTQpKBXkweiql053O7D3hRBg1kWuU3LyouHFGFALLr2xvWkue4WWSpa1mBzrINldYygDKLw==}
    engines: {node: '>=12'}
    peerDependencies:
      react: '>=16'
      react-dom: '>=16'
    dependencies:
      '@babel/runtime': 7.21.0
      '@tanstack/react-store': 0.0.1-beta.81_biqbaboplfbrettd7655fr4n2y
      '@tanstack/router': 0.0.1-beta.83
      react: 18.2.0
      react-dom: 18.2.0_react@18.2.0
    dev: false

  /@tanstack/react-store/0.0.1-beta.81_biqbaboplfbrettd7655fr4n2y:
    resolution: {integrity: sha512-wN4YVYzWQOvNKBnS+3+JINkR8qx93tX52iqzJfzzt3b7e3oqlkl3X3SnpGH1/hRwMNklMxvT7dIg//qfWGzUhA==}
    engines: {node: '>=12'}
    peerDependencies:
      react: '>=16'
      react-dom: '>=16'
    dependencies:
      '@tanstack/store': 0.0.1-beta.81
      react: 18.2.0
      react-dom: 18.2.0_react@18.2.0
      use-sync-external-store: 1.2.0_react@18.2.0
    dev: false

  /@tanstack/router/0.0.1-beta.83:
    resolution: {integrity: sha512-cwkfyvgg7g60wbKZBRl1sbut+eYyE6bPc/Efz2ozFD//oV6qBUftoRm4PbN5cdPgrHjjLOFuOKW43EEUXM/exQ==}
    engines: {node: '>=12'}
    dependencies:
      '@babel/runtime': 7.21.0
      '@tanstack/store': 0.0.1-beta.81
      tiny-invariant: 1.3.1
      tiny-warning: 1.0.3
    dev: false

  /@tanstack/store/0.0.1-beta.81:
    resolution: {integrity: sha512-OYFQ4RmDjSIzJnJrhsvpSpM4+lO/3NBaXGloC5IO3YNm0Ewgy/MSCePJgUamstXPmBAaLC2KEgi4O9FHyzA6lw==}
    engines: {node: '>=12'}
    dev: false

  /@types/prop-types/15.7.5:
    resolution: {integrity: sha512-JCB8C6SnDoQf0cNycqd/35A7MjcnK+ZTqE7judS6o7utxUCg6imJg3QK2qzHKszlTjcj2cn+NwMB2i96ubpj7w==}

  /@types/react-dom/18.0.11:
    resolution: {integrity: sha512-O38bPbI2CWtgw/OoQoY+BRelw7uysmXbWvw3nLWO21H1HSh+GOlqPuXshJfjmpNlKiiSDG9cc1JZAaMmVdcTlw==}
    dependencies:
      '@types/react': 18.0.28
    dev: true

  /@types/react/18.0.28:
    resolution: {integrity: sha512-RD0ivG1kEztNBdoAK7lekI9M+azSnitIn85h4iOiaLjaTrMjzslhaqCGaI4IyCJ1RljWiLCEu4jyrLLgqxBTew==}
    dependencies:
      '@types/prop-types': 15.7.5
      '@types/scheduler': 0.16.2
      csstype: 3.1.1

  /@types/scheduler/0.16.2:
    resolution: {integrity: sha512-hppQEBDmlwhFAXKJX2KnWLYu5yMfi91yazPb2l+lbJiwW+wdo1gNeRA+3RgNSO39WYX2euey41KEwnqesU2Jew==}

  /@vitejs/plugin-react-swc/3.2.0_vite@4.1.4:
    resolution: {integrity: sha512-IcBoXL/mcH7JdQr/nfDlDwTdIaH8Rg7LpfQDF4nAht+juHWIuv6WhpKPCSfY4+zztAaB07qdBoFz1XCZsgo3pQ==}
    peerDependencies:
      vite: ^4
    dependencies:
      '@swc/core': 1.3.36
      vite: 4.1.4
    dev: true

  /aria-hidden/1.2.2_pmekkgnqduwlme35zpnqhenc34:
    resolution: {integrity: sha512-6y/ogyDTk/7YAe91T3E2PR1ALVKyM2QbTio5HwM+N1Q6CMlCKhvClyIjkckBswa0f2xJhjsfzIGa1yVSe1UMVA==}
    engines: {node: '>=10'}
    peerDependencies:
      '@types/react': ^16.9.0 || ^17.0.0 || ^18.0.0
      react: ^16.9.0 || ^17.0.0 || ^18.0.0
    peerDependenciesMeta:
      '@types/react':
        optional: true
    dependencies:
      '@types/react': 18.0.28
      react: 18.2.0
      tslib: 2.5.0
    dev: false

  /clsx/1.1.1:
    resolution: {integrity: sha512-6/bPho624p3S2pMyvP5kKBPXnI3ufHLObBFCfgx+LkeR5lg2XYy2hqZqUf45ypD8COn2bhgGJSUE+l5dhNBieA==}
    engines: {node: '>=6'}
    dev: false

  /copy-anything/3.0.3:
    resolution: {integrity: sha512-fpW2W/BqEzqPp29QS+MwwfisHCQZtiduTe/m8idFo0xbti9fIZ2WVhAsCv4ggFVH3AgCkVdpoOCtQC6gBrdhjw==}
    engines: {node: '>=12.13'}
    dependencies:
      is-what: 4.1.8
    dev: false

  /csstype/3.0.9:
    resolution: {integrity: sha512-rpw6JPxK6Rfg1zLOYCSwle2GFOOsnjmDYDaBwEcwoOg4qlsIVCN789VkBZDJAGi4T07gI4YSutR43t9Zz4Lzuw==}
    dev: false

  /csstype/3.1.1:
    resolution: {integrity: sha512-DJR/VvkAvSZW9bTouZue2sSxDwdTN92uHjqeKVm+0dAqdfNykRzQ95tay8aXMBAAPpUiq4Qcug2L7neoRh2Egw==}

  /date-fns/2.29.3:
    resolution: {integrity: sha512-dDCnyH2WnnKusqvZZ6+jA1O51Ibt8ZMRNkDZdyAyK4YfbDwa/cEmuztzG5pk6hqlp9aSBPYcjOlktquahGwGeA==}
    engines: {node: '>=0.11'}
    dev: false

  /esbuild/0.16.17:
    resolution: {integrity: sha512-G8LEkV0XzDMNwXKgM0Jwu3nY3lSTwSGY6XbxM9cr9+s0T/qSV1q1JVPBGzm3dcjhCic9+emZDmMffkwgPeOeLg==}
    engines: {node: '>=12'}
    hasBin: true
    requiresBuild: true
    optionalDependencies:
      '@esbuild/android-arm': 0.16.17
      '@esbuild/android-arm64': 0.16.17
      '@esbuild/android-x64': 0.16.17
      '@esbuild/darwin-arm64': 0.16.17
      '@esbuild/darwin-x64': 0.16.17
      '@esbuild/freebsd-arm64': 0.16.17
      '@esbuild/freebsd-x64': 0.16.17
      '@esbuild/linux-arm': 0.16.17
      '@esbuild/linux-arm64': 0.16.17
      '@esbuild/linux-ia32': 0.16.17
      '@esbuild/linux-loong64': 0.16.17
      '@esbuild/linux-mips64el': 0.16.17
      '@esbuild/linux-ppc64': 0.16.17
      '@esbuild/linux-riscv64': 0.16.17
      '@esbuild/linux-s390x': 0.16.17
      '@esbuild/linux-x64': 0.16.17
      '@esbuild/netbsd-x64': 0.16.17
      '@esbuild/openbsd-x64': 0.16.17
      '@esbuild/sunos-x64': 0.16.17
      '@esbuild/win32-arm64': 0.16.17
      '@esbuild/win32-ia32': 0.16.17
      '@esbuild/win32-x64': 0.16.17
    dev: true

  /fsevents/2.3.2:
    resolution: {integrity: sha512-xiqMQR4xAeHTuB9uWm+fFRcIOgKBMiOBP+eXiyT7jsgVCq1bkVygt00oASowB7EdtpOHaaPgKt812P9ab+DDKA==}
    engines: {node: ^8.16.0 || ^10.6.0 || >=11.0.0}
    os: [darwin]
    requiresBuild: true
    dev: true
    optional: true

  /function-bind/1.1.1:
    resolution: {integrity: sha512-yIovAzMX49sF8Yl58fSCWJ5svSLuaibPxXQJFLmBObTuCr0Mf1KiPopGM9NiFjiYBCbfaa2Fh6breQ6ANVTI0A==}
    dev: true

  /has/1.0.3:
    resolution: {integrity: sha512-f2dvO0VU6Oej7RkWJGrehjbzMAjFp5/VKPp5tTpWIV4JHHZK1/BxbFRtf/siA2SWTe09caDmVtYYzWEIbBS4zw==}
    engines: {node: '>= 0.4.0'}
    dependencies:
      function-bind: 1.1.1
    dev: true

  /is-core-module/2.11.0:
    resolution: {integrity: sha512-RRjxlvLDkD1YJwDbroBHMb+cukurkDWNyHx7D3oNB5x9rb5ogcksMC5wHCadcXoo67gVr/+3GFySh3134zi6rw==}
    dependencies:
      has: 1.0.3
    dev: true

  /is-what/4.1.8:
    resolution: {integrity: sha512-yq8gMao5upkPoGEU9LsB2P+K3Kt8Q3fQFCGyNCWOAnJAMzEXVV9drYb0TXr42TTliLLhKIBvulgAXgtLLnwzGA==}
    engines: {node: '>=12.13'}
    dev: false

  /js-tokens/4.0.0:
    resolution: {integrity: sha512-RdJUflcE3cUzKiMqQgsCu06FPu9UdIJO0beYbPhHN4k6apgJtifcoCtT9bcxOpYBtpD2kCM6Sbzg4CausW/PKQ==}
    dev: false

  /loose-envify/1.4.0:
    resolution: {integrity: sha512-lyuxPGr/Wfhrlem2CL/UcnUc1zcqKAImBDzukY7Y5F/yQiNdko6+fRLevlw1HgMySw7f611UIY408EtxRSoK3Q==}
    hasBin: true
    dependencies:
      js-tokens: 4.0.0
    dev: false

  /nanoid/3.3.4:
    resolution: {integrity: sha512-MqBkQh/OHTS2egovRtLk45wEyNXwF+cokD+1YPf9u5VfJiRdAiRwB2froX5Co9Rh20xs4siNPm8naNotSD6RBw==}
    engines: {node: ^10 || ^12 || ^13.7 || ^14 || >=15.0.1}
    hasBin: true
    dev: true

  /path-parse/1.0.7:
    resolution: {integrity: sha512-LDJzPVEEEPR+y48z93A0Ed0yXb8pAByGWo/k5YYdYgpY2/2EsOsksJrq7lOHxryrVOn1ejG6oAp8ahvOIQD8sw==}
    dev: true

  /picocolors/1.0.0:
    resolution: {integrity: sha512-1fygroTLlHu66zi26VoTDv8yRgm0Fccecssto+MhsZ0D/DGW2sm8E8AjW7NU5VVTRt5GxbeZ5qBuJr+HyLYkjQ==}
    dev: true

  /pocketbase/0.11.1:
    resolution: {integrity: sha512-4DeKvS3Yqd8zx4/sHQhalACK5fl2/UfzBTLvCFVrTNBqXpy1epmOaXEiUjHNoZYLFw1IMeksRRaWZR8akARwOQ==}
    dev: false

  /postcss/8.4.21:
    resolution: {integrity: sha512-tP7u/Sn/dVxK2NnruI4H9BG+x+Wxz6oeZ1cJ8P6G/PZY0IKk4k/63TDsQf2kQq3+qoJeLm2kIBUNlZe3zgb4Zg==}
    engines: {node: ^10 || ^12 || >=14}
    dependencies:
      nanoid: 3.3.4
      picocolors: 1.0.0
      source-map-js: 1.0.2
    dev: true

  /react-dom/18.2.0_react@18.2.0:
    resolution: {integrity: sha512-6IMTriUmvsjHUjNtEDudZfuDQUoWXVxKHhlEGSk81n4YFS+r/Kl99wXiwlVXtPBtJenozv2P+hxDsw9eA7Xo6g==}
    peerDependencies:
      react: ^18.2.0
    dependencies:
      loose-envify: 1.4.0
      react: 18.2.0
      scheduler: 0.23.0
    dev: false

  /react-textarea-autosize/8.3.4_pmekkgnqduwlme35zpnqhenc34:
    resolution: {integrity: sha512-CdtmP8Dc19xL8/R6sWvtknD/eCXkQr30dtvC4VmGInhRsfF8X/ihXCq6+9l9qbxmKRiq407/7z5fxE7cVWQNgQ==}
    engines: {node: '>=10'}
    peerDependencies:
      react: ^16.8.0 || ^17.0.0 || ^18.0.0
    dependencies:
      '@babel/runtime': 7.21.0
      react: 18.2.0
      use-composed-ref: 1.3.0_react@18.2.0
      use-latest: 1.2.1_pmekkgnqduwlme35zpnqhenc34
    transitivePeerDependencies:
      - '@types/react'
    dev: false

  /react/18.2.0:
    resolution: {integrity: sha512-/3IjMdb2L9QbBdWiW5e3P2/npwMBaU9mHCSCUzNln0ZCYbcfTsGbTJrU/kGemdH2IWmB2ioZ+zkxtmq6g09fGQ==}
    engines: {node: '>=0.10.0'}
    dependencies:
      loose-envify: 1.4.0
    dev: false

  /regenerator-runtime/0.13.11:
    resolution: {integrity: sha512-kY1AZVr2Ra+t+piVaJ4gxaFaReZVH40AKNo7UCX6W+dEwBo/2oZJzqfuN1qLq1oL45o56cPaTXELwrTh8Fpggg==}
    dev: false

  /remove-accents/0.4.2:
    resolution: {integrity: sha512-7pXIJqJOq5tFgG1A2Zxti3Ht8jJF337m4sowbuHsW30ZnkQFnDzy9qBNhgzX8ZLW4+UBcXiiR7SwR6pokHsxiA==}
    dev: false

  /resolve/1.22.1:
    resolution: {integrity: sha512-nBpuuYuY5jFsli/JIs1oldw6fOQCBioohqWZg/2hiaOybXOft4lonv85uDOKXdf8rhyK159cxU5cDcK/NKk8zw==}
    hasBin: true
    dependencies:
      is-core-module: 2.11.0
      path-parse: 1.0.7
      supports-preserve-symlinks-flag: 1.0.0
    dev: true

  /rollup/3.17.2:
    resolution: {integrity: sha512-qMNZdlQPCkWodrAZ3qnJtvCAl4vpQ8q77uEujVCCbC/6CLB7Lcmvjq7HyiOSnf4fxTT9XgsE36oLHJBH49xjqA==}
    engines: {node: '>=14.18.0', npm: '>=8.0.0'}
    hasBin: true
    optionalDependencies:
      fsevents: 2.3.2
    dev: true

  /scheduler/0.23.0:
    resolution: {integrity: sha512-CtuThmgHNg7zIZWAXi3AsyIzA3n4xx7aNyjwC2VJldO2LMVDhFK+63xGqq6CsJH4rTAt6/M+N4GhZiDYPx9eUw==}
    dependencies:
      loose-envify: 1.4.0
    dev: false

  /source-map-js/1.0.2:
    resolution: {integrity: sha512-R0XvVJ9WusLiqTCEiGCmICCMplcCkIwwR11mOSD9CR5u+IXYdiseeEuXCVAjS54zqwkLcPNnmU4OeJ6tUrWhDw==}
    engines: {node: '>=0.10.0'}
    dev: true

  /superjson/1.12.2:
    resolution: {integrity: sha512-ugvUo9/WmvWOjstornQhsN/sR9mnGtWGYeTxFuqLb4AiT4QdUavjGFRALCPKWWnAiUJ4HTpytj5e0t5HoMRkXg==}
    engines: {node: '>=10'}
    dependencies:
      copy-anything: 3.0.3
    dev: false

  /supports-preserve-symlinks-flag/1.0.0:
    resolution: {integrity: sha512-ot0WnXS9fgdkgIcePe6RHNk1WA8+muPa6cSjeR3V8K27q9BB1rTE3R1p7Hv0z1ZyAc8s6Vvv8DIyWf681MAt0w==}
    engines: {node: '>= 0.4'}
    dev: true

  /tabbable/6.1.1:
    resolution: {integrity: sha512-4kl5w+nCB44EVRdO0g/UGoOp3vlwgycUVtkk/7DPyeLZUCuNFFKCFG6/t/DgHLrUPHjrZg6s5tNm+56Q2B0xyg==}
    dev: false

  /tiny-invariant/1.3.1:
    resolution: {integrity: sha512-AD5ih2NlSssTCwsMznbvwMZpJ1cbhkGd2uueNxzv2jDlEeZdU04JQfRnggJQ8DrcVBGjAsCKwFBbDlVNtEMlzw==}
    dev: false

  /tiny-warning/1.0.3:
    resolution: {integrity: sha512-lBN9zLN/oAf68o3zNXYrdCt1kP8WsiGW8Oo2ka41b2IM5JL/S1CTyX1rW0mb/zSuJun0ZUrDxx4sqvYS2FWzPA==}
    dev: false

  /tslib/2.5.0:
    resolution: {integrity: sha512-336iVw3rtn2BUK7ORdIAHTyxHGRIHVReokCR3XjbckJMK7ms8FysBfhLR8IXnAgy7T0PTPNBWKiH514FOW/WSg==}
    dev: false

  /typescript/4.9.5:
    resolution: {integrity: sha512-1FXk9E2Hm+QzZQ7z+McJiHL4NW1F2EzMu9Nq9i3zAaGqibafqYwCVU6WyWAuyQRRzOlxou8xZSyXLEN8oKj24g==}
    engines: {node: '>=4.2.0'}
    hasBin: true
    dev: true

  /use-composed-ref/1.3.0_react@18.2.0:
    resolution: {integrity: sha512-GLMG0Jc/jiKov/3Ulid1wbv3r54K9HlMW29IWcDFPEqFkSO2nS0MuefWgMJpeHQ9YJeXDL3ZUF+P3jdXlZX/cQ==}
    peerDependencies:
      react: ^16.8.0 || ^17.0.0 || ^18.0.0
    dependencies:
      react: 18.2.0
    dev: false

  /use-isomorphic-layout-effect/1.1.2_pmekkgnqduwlme35zpnqhenc34:
    resolution: {integrity: sha512-49L8yCO3iGT/ZF9QttjwLF/ZD9Iwto5LnH5LmEdk/6cFmXddqi2ulF0edxTwjj+7mqvpVVGQWvbXZdn32wRSHA==}
    peerDependencies:
      '@types/react': '*'
      react: ^16.8.0 || ^17.0.0 || ^18.0.0
    peerDependenciesMeta:
      '@types/react':
        optional: true
    dependencies:
      '@types/react': 18.0.28
      react: 18.2.0
    dev: false

  /use-latest/1.2.1_pmekkgnqduwlme35zpnqhenc34:
    resolution: {integrity: sha512-xA+AVm/Wlg3e2P/JiItTziwS7FK92LWrDB0p+hgXloIMuVCeJJ8v6f0eeHyPZaJrM+usM1FkFfbNCrJGs8A/zw==}
    peerDependencies:
      '@types/react': '*'
      react: ^16.8.0 || ^17.0.0 || ^18.0.0
    peerDependenciesMeta:
      '@types/react':
        optional: true
    dependencies:
      '@types/react': 18.0.28
      react: 18.2.0
      use-isomorphic-layout-effect: 1.1.2_pmekkgnqduwlme35zpnqhenc34
    dev: false

  /use-sync-external-store/1.2.0_react@18.2.0:
    resolution: {integrity: sha512-eEgnFxGQ1Ife9bzYs6VLi8/4X6CObHMw9Qr9tPY43iKwsPw8xE8+EFsf/2cFZ5S3esXgpWgtSCtLNS41F+sKPA==}
    peerDependencies:
      react: ^16.8.0 || ^17.0.0 || ^18.0.0
    dependencies:
      react: 18.2.0
    dev: false

  /vite/4.1.4:
    resolution: {integrity: sha512-3knk/HsbSTKEin43zHu7jTwYWv81f8kgAL99G5NWBcA1LKvtvcVAC4JjBH1arBunO9kQka+1oGbrMKOjk4ZrBg==}
    engines: {node: ^14.18.0 || >=16.0.0}
    hasBin: true
    peerDependencies:
      '@types/node': '>= 14'
      less: '*'
      sass: '*'
      stylus: '*'
      sugarss: '*'
      terser: ^5.4.0
    peerDependenciesMeta:
      '@types/node':
        optional: true
      less:
        optional: true
      sass:
        optional: true
      stylus:
        optional: true
      sugarss:
        optional: true
      terser:
        optional: true
    dependencies:
      esbuild: 0.16.17
      postcss: 8.4.21
      resolve: 1.22.1
      rollup: 3.17.2
    optionalDependencies:
      fsevents: 2.3.2
    dev: true
